// !$*UTF8*$!
{
	archiveVersion = 1;
	classes = {
	};
	objectVersion = 56;
	objects = {

/* Begin PBXBuildFile section */
		DF0F2B2028E3584700F69E85 /* NewsAppApp.swift in Sources */ = {isa = PBXBuildFile; fileRef = DF0F2B1F28E3584700F69E85 /* NewsAppApp.swift */; };
		DF0F2B2228E3584700F69E85 /* ContentView.swift in Sources */ = {isa = PBXBuildFile; fileRef = DF0F2B2128E3584700F69E85 /* ContentView.swift */; };
		DF0F2B2428E3584800F69E85 /* Assets.xcassets in Resources */ = {isa = PBXBuildFile; fileRef = DF0F2B2328E3584800F69E85 /* Assets.xcassets */; };
		DF0F2B2828E3584800F69E85 /* Preview Assets.xcassets in Resources */ = {isa = PBXBuildFile; fileRef = DF0F2B2728E3584800F69E85 /* Preview Assets.xcassets */; };
		DF184B8C28E447FE00441637 /* WebView.swift in Sources */ = {isa = PBXBuildFile; fileRef = DF184B8B28E447FE00441637 /* WebView.swift */; };
		DF184B9028E44E5200441637 /* Category.swift in Sources */ = {isa = PBXBuildFile; fileRef = DF184B8F28E44E5200441637 /* Category.swift */; };
		DF184B9328E4629000441637 /* NewsViewModel.swift in Sources */ = {isa = PBXBuildFile; fileRef = DF184B9228E4629000441637 /* NewsViewModel.swift */; };
		DF184B9528E490A800441637 /* NewsTabView.swift in Sources */ = {isa = PBXBuildFile; fileRef = DF184B9428E490A800441637 /* NewsTabView.swift */; };
		DF184B9728E4AB5D00441637 /* EmptyPlaceHolderView.swift in Sources */ = {isa = PBXBuildFile; fileRef = DF184B9628E4AB5D00441637 /* EmptyPlaceHolderView.swift */; };
		DF184B9928E4AC0300441637 /* RetryView.swift in Sources */ = {isa = PBXBuildFile; fileRef = DF184B9828E4AC0300441637 /* RetryView.swift */; };
		DF184B9B28E5383A00441637 /* SearchViewModel.swift in Sources */ = {isa = PBXBuildFile; fileRef = DF184B9A28E5383A00441637 /* SearchViewModel.swift */; };
		DF184B9D28E53AFD00441637 /* SearchTabView.swift in Sources */ = {isa = PBXBuildFile; fileRef = DF184B9C28E53AFD00441637 /* SearchTabView.swift */; };
		DF184B9F28E57A0000441637 /* NewsAPI.swift in Sources */ = {isa = PBXBuildFile; fileRef = DF184B9E28E57A0000441637 /* NewsAPI.swift */; };
		DF184BA128E583A900441637 /* BreakingNewsView.swift in Sources */ = {isa = PBXBuildFile; fileRef = DF184BA028E583A900441637 /* BreakingNewsView.swift */; };
		DF184BA328E5898A00441637 /* BreakingNewsModel.swift in Sources */ = {isa = PBXBuildFile; fileRef = DF184BA228E5898A00441637 /* BreakingNewsModel.swift */; };
		DF184BA528E58AFE00441637 /* BreakingNewsViewModel.swift in Sources */ = {isa = PBXBuildFile; fileRef = DF184BA428E58AFE00441637 /* BreakingNewsViewModel.swift */; };
		DF184BA728E58ED200441637 /* LoginView.swift in Sources */ = {isa = PBXBuildFile; fileRef = DF184BA628E58ED200441637 /* LoginView.swift */; };
		DF184BA928E5B8D600441637 /* SignUpView.swift in Sources */ = {isa = PBXBuildFile; fileRef = DF184BA828E5B8D600441637 /* SignUpView.swift */; };
		DF190A2928E3F6D100E4ED52 /* NewsListView.swift in Sources */ = {isa = PBXBuildFile; fileRef = DF190A2828E3F6D100E4ED52 /* NewsListView.swift */; };
		DF190A2E28E3FF2000E4ED52 /* Article.swift in Sources */ = {isa = PBXBuildFile; fileRef = DF190A2D28E3FF2000E4ED52 /* Article.swift */; };
		DF190A3128E407CE00E4ED52 /* news.json in Resources */ = {isa = PBXBuildFile; fileRef = DF190A3028E407CE00E4ED52 /* news.json */; };
		DF190A3328E40C1D00E4ED52 /* NewsAPIResponse.swift in Sources */ = {isa = PBXBuildFile; fileRef = DF190A3228E40C1D00E4ED52 /* NewsAPIResponse.swift */; };
		DF190A3528E419E300E4ED52 /* NewsViewRow.swift in Sources */ = {isa = PBXBuildFile; fileRef = DF190A3428E419E300E4ED52 /* NewsViewRow.swift */; };
/* End PBXBuildFile section */

/* Begin PBXFileReference section */
		DF0F2B1C28E3584700F69E85 /* NewsApp.app */ = {isa = PBXFileReference; explicitFileType = wrapper.application; includeInIndex = 0; path = NewsApp.app; sourceTree = BUILT_PRODUCTS_DIR; };
		DF0F2B1F28E3584700F69E85 /* NewsAppApp.swift */ = {isa = PBXFileReference; lastKnownFileType = sourcecode.swift; path = NewsAppApp.swift; sourceTree = "<group>"; };
		DF0F2B2128E3584700F69E85 /* ContentView.swift */ = {isa = PBXFileReference; lastKnownFileType = sourcecode.swift; path = ContentView.swift; sourceTree = "<group>"; };
		DF0F2B2328E3584800F69E85 /* Assets.xcassets */ = {isa = PBXFileReference; lastKnownFileType = folder.assetcatalog; path = Assets.xcassets; sourceTree = "<group>"; };
		DF0F2B2528E3584800F69E85 /* NewsApp.entitlements */ = {isa = PBXFileReference; lastKnownFileType = text.plist.entitlements; path = NewsApp.entitlements; sourceTree = "<group>"; };
		DF0F2B2728E3584800F69E85 /* Preview Assets.xcassets */ = {isa = PBXFileReference; lastKnownFileType = folder.assetcatalog; path = "Preview Assets.xcassets"; sourceTree = "<group>"; };
		DF184B8B28E447FE00441637 /* WebView.swift */ = {isa = PBXFileReference; lastKnownFileType = sourcecode.swift; path = WebView.swift; sourceTree = "<group>"; };
		DF184B8F28E44E5200441637 /* Category.swift */ = {isa = PBXFileReference; lastKnownFileType = sourcecode.swift; path = Category.swift; sourceTree = "<group>"; };
		DF184B9228E4629000441637 /* NewsViewModel.swift */ = {isa = PBXFileReference; lastKnownFileType = sourcecode.swift; path = NewsViewModel.swift; sourceTree = "<group>"; };
		DF184B9428E490A800441637 /* NewsTabView.swift */ = {isa = PBXFileReference; lastKnownFileType = sourcecode.swift; path = NewsTabView.swift; sourceTree = "<group>"; };
		DF184B9628E4AB5D00441637 /* EmptyPlaceHolderView.swift */ = {isa = PBXFileReference; lastKnownFileType = sourcecode.swift; path = EmptyPlaceHolderView.swift; sourceTree = "<group>"; };
		DF184B9828E4AC0300441637 /* RetryView.swift */ = {isa = PBXFileReference; lastKnownFileType = sourcecode.swift; path = RetryView.swift; sourceTree = "<group>"; };
		DF184B9A28E5383A00441637 /* SearchViewModel.swift */ = {isa = PBXFileReference; lastKnownFileType = sourcecode.swift; path = SearchViewModel.swift; sourceTree = "<group>"; };
		DF184B9C28E53AFD00441637 /* SearchTabView.swift */ = {isa = PBXFileReference; lastKnownFileType = sourcecode.swift; path = SearchTabView.swift; sourceTree = "<group>"; };
		DF184B9E28E57A0000441637 /* NewsAPI.swift */ = {isa = PBXFileReference; lastKnownFileType = sourcecode.swift; path = NewsAPI.swift; sourceTree = "<group>"; };
		DF184BA028E583A900441637 /* BreakingNewsView.swift */ = {isa = PBXFileReference; lastKnownFileType = sourcecode.swift; path = BreakingNewsView.swift; sourceTree = "<group>"; };
		DF184BA228E5898A00441637 /* BreakingNewsModel.swift */ = {isa = PBXFileReference; lastKnownFileType = sourcecode.swift; path = BreakingNewsModel.swift; sourceTree = "<group>"; };
		DF184BA428E58AFE00441637 /* BreakingNewsViewModel.swift */ = {isa = PBXFileReference; lastKnownFileType = sourcecode.swift; path = BreakingNewsViewModel.swift; sourceTree = "<group>"; };
		DF184BA628E58ED200441637 /* LoginView.swift */ = {isa = PBXFileReference; lastKnownFileType = sourcecode.swift; path = LoginView.swift; sourceTree = "<group>"; };
		DF184BA828E5B8D600441637 /* SignUpView.swift */ = {isa = PBXFileReference; lastKnownFileType = sourcecode.swift; path = SignUpView.swift; sourceTree = "<group>"; };
		DF190A2828E3F6D100E4ED52 /* NewsListView.swift */ = {isa = PBXFileReference; lastKnownFileType = sourcecode.swift; path = NewsListView.swift; sourceTree = "<group>"; };
		DF190A2D28E3FF2000E4ED52 /* Article.swift */ = {isa = PBXFileReference; lastKnownFileType = sourcecode.swift; path = Article.swift; sourceTree = "<group>"; };
		DF190A3028E407CE00E4ED52 /* news.json */ = {isa = PBXFileReference; lastKnownFileType = text.json; path = news.json; sourceTree = "<group>"; };
		DF190A3228E40C1D00E4ED52 /* NewsAPIResponse.swift */ = {isa = PBXFileReference; lastKnownFileType = sourcecode.swift; path = NewsAPIResponse.swift; sourceTree = "<group>"; };
		DF190A3428E419E300E4ED52 /* NewsViewRow.swift */ = {isa = PBXFileReference; lastKnownFileType = sourcecode.swift; path = NewsViewRow.swift; sourceTree = "<group>"; };
		DF190A3628E41F2200E4ED52 /* Info.plist */ = {isa = PBXFileReference; lastKnownFileType = text.plist; path = Info.plist; sourceTree = "<group>"; };
/* End PBXFileReference section */

/* Begin PBXFrameworksBuildPhase section */
		DF0F2B1928E3584700F69E85 /* Frameworks */ = {
			isa = PBXFrameworksBuildPhase;
			buildActionMask = 2147483647;
			files = (
			);
			runOnlyForDeploymentPostprocessing = 0;
		};
/* End PBXFrameworksBuildPhase section */

/* Begin PBXGroup section */
		DF0F2B1328E3584700F69E85 = {
			isa = PBXGroup;
			children = (
				DF0F2B1E28E3584700F69E85 /* NewsApp */,
				DF0F2B1D28E3584700F69E85 /* Products */,
			);
			sourceTree = "<group>";
		};
		DF0F2B1D28E3584700F69E85 /* Products */ = {
			isa = PBXGroup;
			children = (
				DF0F2B1C28E3584700F69E85 /* NewsApp.app */,
			);
			name = Products;
			sourceTree = "<group>";
		};
		DF0F2B1E28E3584700F69E85 /* NewsApp */ = {
			isa = PBXGroup;
			children = (
				DF0F2B1F28E3584700F69E85 /* NewsAppApp.swift */,
				DF0F2B2128E3584700F69E85 /* ContentView.swift */,
				DF190A3628E41F2200E4ED52 /* Info.plist */,
				DF190A3028E407CE00E4ED52 /* news.json */,
				DF190A2F28E4011300E4ED52 /* API */,
				DF190A2C28E3F93800E4ED52 /* Model */,
				DF190A2728E3F68F00E4ED52 /* Views */,
				DF184B9128E4626F00441637 /* ViewModel */,
				DF0F2B2328E3584800F69E85 /* Assets.xcassets */,
				DF0F2B2528E3584800F69E85 /* NewsApp.entitlements */,
				DF0F2B2628E3584800F69E85 /* Preview Content */,
			);
			path = NewsApp;
			sourceTree = "<group>";
		};
		DF0F2B2628E3584800F69E85 /* Preview Content */ = {
			isa = PBXGroup;
			children = (
				DF0F2B2728E3584800F69E85 /* Preview Assets.xcassets */,
			);
			path = "Preview Content";
			sourceTree = "<group>";
		};
		DF184B9128E4626F00441637 /* ViewModel */ = {
			isa = PBXGroup;
			children = (
				DF184B9228E4629000441637 /* NewsViewModel.swift */,
				DF184B9A28E5383A00441637 /* SearchViewModel.swift */,
				DF184BA428E58AFE00441637 /* BreakingNewsViewModel.swift */,
			);
			path = ViewModel;
			sourceTree = "<group>";
		};
		DF190A2728E3F68F00E4ED52 /* Views */ = {
			isa = PBXGroup;
			children = (
				DF190A3428E419E300E4ED52 /* NewsViewRow.swift */,
				DF190A2828E3F6D100E4ED52 /* NewsListView.swift */,
				DF184B8B28E447FE00441637 /* WebView.swift */,
				DF184B9428E490A800441637 /* NewsTabView.swift */,
				DF184B9628E4AB5D00441637 /* EmptyPlaceHolderView.swift */,
				DF184B9828E4AC0300441637 /* RetryView.swift */,
				DF184B9C28E53AFD00441637 /* SearchTabView.swift */,
				DF184BA028E583A900441637 /* BreakingNewsView.swift */,
				DF184BA628E58ED200441637 /* LoginView.swift */,
				DF184BA828E5B8D600441637 /* SignUpView.swift */,
			);
			path = Views;
			sourceTree = "<group>";
		};
		DF190A2C28E3F93800E4ED52 /* Model */ = {
			isa = PBXGroup;
			children = (
				DF190A2D28E3FF2000E4ED52 /* Article.swift */,
				DF190A3228E40C1D00E4ED52 /* NewsAPIResponse.swift */,
				DF184B8F28E44E5200441637 /* Category.swift */,
				DF184BA228E5898A00441637 /* BreakingNewsModel.swift */,
			);
			path = Model;
			sourceTree = "<group>";
		};
		DF190A2F28E4011300E4ED52 /* API */ = {
			isa = PBXGroup;
			children = (
				DF184B9E28E57A0000441637 /* NewsAPI.swift */,
			);
			path = API;
			sourceTree = "<group>";
		};
/* End PBXGroup section */

/* Begin PBXNativeTarget section */
		DF0F2B1B28E3584700F69E85 /* NewsApp */ = {
			isa = PBXNativeTarget;
			buildConfigurationList = DF0F2B2B28E3584800F69E85 /* Build configuration list for PBXNativeTarget "NewsApp" */;
			buildPhases = (
				DF0F2B1828E3584700F69E85 /* Sources */,
				DF0F2B1928E3584700F69E85 /* Frameworks */,
				DF0F2B1A28E3584700F69E85 /* Resources */,
			);
			buildRules = (
			);
			dependencies = (
			);
			name = NewsApp;
			productName = NewsApp;
			productReference = DF0F2B1C28E3584700F69E85 /* NewsApp.app */;
			productType = "com.apple.product-type.application";
		};
/* End PBXNativeTarget section */

/* Begin PBXProject section */
		DF0F2B1428E3584700F69E85 /* Project object */ = {
			isa = PBXProject;
			attributes = {
				BuildIndependentTargetsInParallel = 1;
				LastSwiftUpdateCheck = 1400;
				LastUpgradeCheck = 1400;
				TargetAttributes = {
					DF0F2B1B28E3584700F69E85 = {
						CreatedOnToolsVersion = 14.0;
					};
				};
			};
			buildConfigurationList = DF0F2B1728E3584700F69E85 /* Build configuration list for PBXProject "NewsApp" */;
			compatibilityVersion = "Xcode 14.0";
			developmentRegion = en;
			hasScannedForEncodings = 0;
			knownRegions = (
				en,
				Base,
			);
			mainGroup = DF0F2B1328E3584700F69E85;
			productRefGroup = DF0F2B1D28E3584700F69E85 /* Products */;
			projectDirPath = "";
			projectRoot = "";
			targets = (
				DF0F2B1B28E3584700F69E85 /* NewsApp */,
			);
		};
/* End PBXProject section */

/* Begin PBXResourcesBuildPhase section */
		DF0F2B1A28E3584700F69E85 /* Resources */ = {
			isa = PBXResourcesBuildPhase;
			buildActionMask = 2147483647;
			files = (
				DF190A3128E407CE00E4ED52 /* news.json in Resources */,
				DF0F2B2828E3584800F69E85 /* Preview Assets.xcassets in Resources */,
				DF0F2B2428E3584800F69E85 /* Assets.xcassets in Resources */,
			);
			runOnlyForDeploymentPostprocessing = 0;
		};
/* End PBXResourcesBuildPhase section */

/* Begin PBXSourcesBuildPhase section */
		DF0F2B1828E3584700F69E85 /* Sources */ = {
			isa = PBXSourcesBuildPhase;
			buildActionMask = 2147483647;
			files = (
				DF190A3328E40C1D00E4ED52 /* NewsAPIResponse.swift in Sources */,
				DF184B9B28E5383A00441637 /* SearchViewModel.swift in Sources */,
				DF184B9528E490A800441637 /* NewsTabView.swift in Sources */,
				DF184B9928E4AC0300441637 /* RetryView.swift in Sources */,
				DF184B9D28E53AFD00441637 /* SearchTabView.swift in Sources */,
				DF184B9F28E57A0000441637 /* NewsAPI.swift in Sources */,
				DF190A2E28E3FF2000E4ED52 /* Article.swift in Sources */,
				DF184BA528E58AFE00441637 /* BreakingNewsViewModel.swift in Sources */,
				DF190A3528E419E300E4ED52 /* NewsViewRow.swift in Sources */,
				DF184BA928E5B8D600441637 /* SignUpView.swift in Sources */,
				DF184BA328E5898A00441637 /* BreakingNewsModel.swift in Sources */,
				DF190A2928E3F6D100E4ED52 /* NewsListView.swift in Sources */,
				DF184B9728E4AB5D00441637 /* EmptyPlaceHolderView.swift in Sources */,
				DF184B9328E4629000441637 /* NewsViewModel.swift in Sources */,
				DF184B8C28E447FE00441637 /* WebView.swift in Sources */,
				DF0F2B2228E3584700F69E85 /* ContentView.swift in Sources */,
				DF0F2B2028E3584700F69E85 /* NewsAppApp.swift in Sources */,
				DF184BA128E583A900441637 /* BreakingNewsView.swift in Sources */,
				DF184BA728E58ED200441637 /* LoginView.swift in Sources */,
				DF184B9028E44E5200441637 /* Category.swift in Sources */,
			);
			runOnlyForDeploymentPostprocessing = 0;
		};
/* End PBXSourcesBuildPhase section */

/* Begin XCBuildConfiguration section */
		DF0F2B2928E3584800F69E85 /* Debug */ = {
			isa = XCBuildConfiguration;
			buildSettings = {
				ALWAYS_SEARCH_USER_PATHS = NO;
				CLANG_ANALYZER_NONNULL = YES;
				CLANG_ANALYZER_NUMBER_OBJECT_CONVERSION = YES_AGGRESSIVE;
				CLANG_CXX_LANGUAGE_STANDARD = "gnu++20";
				CLANG_ENABLE_MODULES = YES;
				CLANG_ENABLE_OBJC_ARC = YES;
				CLANG_ENABLE_OBJC_WEAK = YES;
				CLANG_WARN_BLOCK_CAPTURE_AUTORELEASING = YES;
				CLANG_WARN_BOOL_CONVERSION = YES;
				CLANG_WARN_COMMA = YES;
				CLANG_WARN_CONSTANT_CONVERSION = YES;
				CLANG_WARN_DEPRECATED_OBJC_IMPLEMENTATIONS = YES;
				CLANG_WARN_DIRECT_OBJC_ISA_USAGE = YES_ERROR;
				CLANG_WARN_DOCUMENTATION_COMMENTS = YES;
				CLANG_WARN_EMPTY_BODY = YES;
				CLANG_WARN_ENUM_CONVERSION = YES;
				CLANG_WARN_INFINITE_RECURSION = YES;
				CLANG_WARN_INT_CONVERSION = YES;
				CLANG_WARN_NON_LITERAL_NULL_CONVERSION = YES;
				CLANG_WARN_OBJC_IMPLICIT_RETAIN_SELF = YES;
				CLANG_WARN_OBJC_LITERAL_CONVERSION = YES;
				CLANG_WARN_OBJC_ROOT_CLASS = YES_ERROR;
				CLANG_WARN_QUOTED_INCLUDE_IN_FRAMEWORK_HEADER = YES;
				CLANG_WARN_RANGE_LOOP_ANALYSIS = YES;
				CLANG_WARN_STRICT_PROTOTYPES = YES;
				CLANG_WARN_SUSPICIOUS_MOVE = YES;
				CLANG_WARN_UNGUARDED_AVAILABILITY = YES_AGGRESSIVE;
				CLANG_WARN_UNREACHABLE_CODE = YES;
				CLANG_WARN__DUPLICATE_METHOD_MATCH = YES;
				COPY_PHASE_STRIP = NO;
				DEBUG_INFORMATION_FORMAT = dwarf;
				ENABLE_STRICT_OBJC_MSGSEND = YES;
				ENABLE_TESTABILITY = YES;
				GCC_C_LANGUAGE_STANDARD = gnu11;
				GCC_DYNAMIC_NO_PIC = NO;
				GCC_NO_COMMON_BLOCKS = YES;
				GCC_OPTIMIZATION_LEVEL = 0;
				GCC_PREPROCESSOR_DEFINITIONS = (
					"DEBUG=1",
					"$(inherited)",
				);
				GCC_WARN_64_TO_32_BIT_CONVERSION = YES;
				GCC_WARN_ABOUT_RETURN_TYPE = YES_ERROR;
				GCC_WARN_UNDECLARED_SELECTOR = YES;
				GCC_WARN_UNINITIALIZED_AUTOS = YES_AGGRESSIVE;
				GCC_WARN_UNUSED_FUNCTION = YES;
				GCC_WARN_UNUSED_VARIABLE = YES;
				MTL_ENABLE_DEBUG_INFO = INCLUDE_SOURCE;
				MTL_FAST_MATH = YES;
				ONLY_ACTIVE_ARCH = YES;
				SWIFT_ACTIVE_COMPILATION_CONDITIONS = DEBUG;
				SWIFT_OPTIMIZATION_LEVEL = "-Onone";
			};
			name = Debug;
		};
		DF0F2B2A28E3584800F69E85 /* Release */ = {
			isa = XCBuildConfiguration;
			buildSettings = {
				ALWAYS_SEARCH_USER_PATHS = NO;
				CLANG_ANALYZER_NONNULL = YES;
				CLANG_ANALYZER_NUMBER_OBJECT_CONVERSION = YES_AGGRESSIVE;
				CLANG_CXX_LANGUAGE_STANDARD = "gnu++20";
				CLANG_ENABLE_MODULES = YES;
				CLANG_ENABLE_OBJC_ARC = YES;
				CLANG_ENABLE_OBJC_WEAK = YES;
				CLANG_WARN_BLOCK_CAPTURE_AUTORELEASING = YES;
				CLANG_WARN_BOOL_CONVERSION = YES;
				CLANG_WARN_COMMA = YES;
				CLANG_WARN_CONSTANT_CONVERSION = YES;
				CLANG_WARN_DEPRECATED_OBJC_IMPLEMENTATIONS = YES;
				CLANG_WARN_DIRECT_OBJC_ISA_USAGE = YES_ERROR;
				CLANG_WARN_DOCUMENTATION_COMMENTS = YES;
				CLANG_WARN_EMPTY_BODY = YES;
				CLANG_WARN_ENUM_CONVERSION = YES;
				CLANG_WARN_INFINITE_RECURSION = YES;
				CLANG_WARN_INT_CONVERSION = YES;
				CLANG_WARN_NON_LITERAL_NULL_CONVERSION = YES;
				CLANG_WARN_OBJC_IMPLICIT_RETAIN_SELF = YES;
				CLANG_WARN_OBJC_LITERAL_CONVERSION = YES;
				CLANG_WARN_OBJC_ROOT_CLASS = YES_ERROR;
				CLANG_WARN_QUOTED_INCLUDE_IN_FRAMEWORK_HEADER = YES;
				CLANG_WARN_RANGE_LOOP_ANALYSIS = YES;
				CLANG_WARN_STRICT_PROTOTYPES = YES;
				CLANG_WARN_SUSPICIOUS_MOVE = YES;
				CLANG_WARN_UNGUARDED_AVAILABILITY = YES_AGGRESSIVE;
				CLANG_WARN_UNREACHABLE_CODE = YES;
				CLANG_WARN__DUPLICATE_METHOD_MATCH = YES;
				COPY_PHASE_STRIP = NO;
				DEBUG_INFORMATION_FORMAT = "dwarf-with-dsym";
				ENABLE_NS_ASSERTIONS = NO;
				ENABLE_STRICT_OBJC_MSGSEND = YES;
				GCC_C_LANGUAGE_STANDARD = gnu11;
				GCC_NO_COMMON_BLOCKS = YES;
				GCC_WARN_64_TO_32_BIT_CONVERSION = YES;
				GCC_WARN_ABOUT_RETURN_TYPE = YES_ERROR;
				GCC_WARN_UNDECLARED_SELECTOR = YES;
				GCC_WARN_UNINITIALIZED_AUTOS = YES_AGGRESSIVE;
				GCC_WARN_UNUSED_FUNCTION = YES;
				GCC_WARN_UNUSED_VARIABLE = YES;
				MTL_ENABLE_DEBUG_INFO = NO;
				MTL_FAST_MATH = YES;
				SWIFT_COMPILATION_MODE = wholemodule;
				SWIFT_OPTIMIZATION_LEVEL = "-O";
			};
			name = Release;
		};
		DF0F2B2C28E3584800F69E85 /* Debug */ = {
			isa = XCBuildConfiguration;
			buildSettings = {
				ASSETCATALOG_COMPILER_APPICON_NAME = AppIcon;
				ASSETCATALOG_COMPILER_GLOBAL_ACCENT_COLOR_NAME = AccentColor;
				CODE_SIGN_ENTITLEMENTS = NewsApp/NewsApp.entitlements;
				CODE_SIGN_STYLE = Automatic;
				CURRENT_PROJECT_VERSION = 1;
				DEVELOPMENT_ASSET_PATHS = "\"NewsApp/Preview Content\"";
				DEVELOPMENT_TEAM = 48689QGL3Z;
				ENABLE_HARDENED_RUNTIME = YES;
				ENABLE_PREVIEWS = YES;
				GENERATE_INFOPLIST_FILE = YES;
				INFOPLIST_FILE = NewsApp/Info.plist;
				"INFOPLIST_KEY_UIApplicationSceneManifest_Generation[sdk=iphoneos*]" = YES;
				"INFOPLIST_KEY_UIApplicationSceneManifest_Generation[sdk=iphonesimulator*]" = YES;
				"INFOPLIST_KEY_UIApplicationSupportsIndirectInputEvents[sdk=iphoneos*]" = YES;
				"INFOPLIST_KEY_UIApplicationSupportsIndirectInputEvents[sdk=iphonesimulator*]" = YES;
				"INFOPLIST_KEY_UILaunchScreen_Generation[sdk=iphoneos*]" = YES;
				"INFOPLIST_KEY_UILaunchScreen_Generation[sdk=iphonesimulator*]" = YES;
				"INFOPLIST_KEY_UIStatusBarStyle[sdk=iphoneos*]" = UIStatusBarStyleDefault;
				"INFOPLIST_KEY_UIStatusBarStyle[sdk=iphonesimulator*]" = UIStatusBarStyleDefault;
				INFOPLIST_KEY_UISupportedInterfaceOrientations_iPad = "UIInterfaceOrientationPortrait UIInterfaceOrientationPortraitUpsideDown UIInterfaceOrientationLandscapeLeft UIInterfaceOrientationLandscapeRight";
				INFOPLIST_KEY_UISupportedInterfaceOrientations_iPhone = "UIInterfaceOrientationPortrait UIInterfaceOrientationLandscapeLeft UIInterfaceOrientationLandscapeRight";
				IPHONEOS_DEPLOYMENT_TARGET = 15.0;
				LD_RUNPATH_SEARCH_PATHS = "@executable_path/Frameworks";
				"LD_RUNPATH_SEARCH_PATHS[sdk=macosx*]" = "@executable_path/../Frameworks";
				MACOSX_DEPLOYMENT_TARGET = 12.3;
				MARKETING_VERSION = 1.0;
				PRODUCT_BUNDLE_IDENTIFIER = "Kavindu-Randimal.NewsApp";
				PRODUCT_NAME = "$(TARGET_NAME)";
				SDKROOT = auto;
				SUPPORTED_PLATFORMS = "iphoneos iphonesimulator macosx";
				SWIFT_EMIT_LOC_STRINGS = YES;
				SWIFT_VERSION = 5.0;
				TARGETED_DEVICE_FAMILY = "1,2";
			};
			name = Debug;
		};
		DF0F2B2D28E3584800F69E85 /* Release */ = {
			isa = XCBuildConfiguration;
			buildSettings = {
				ASSETCATALOG_COMPILER_APPICON_NAME = AppIcon;
				ASSETCATALOG_COMPILER_GLOBAL_ACCENT_COLOR_NAME = AccentColor;
				CODE_SIGN_ENTITLEMENTS = NewsApp/NewsApp.entitlements;
				CODE_SIGN_STYLE = Automatic;
				CURRENT_PROJECT_VERSION = 1;
				DEVELOPMENT_ASSET_PATHS = "\"NewsApp/Preview Content\"";
				DEVELOPMENT_TEAM = 48689QGL3Z;
				ENABLE_HARDENED_RUNTIME = YES;
				ENABLE_PREVIEWS = YES;
				GENERATE_INFOPLIST_FILE = YES;
				INFOPLIST_FILE = NewsApp/Info.plist;
				"INFOPLIST_KEY_UIApplicationSceneManifest_Generation[sdk=iphoneos*]" = YES;
				"INFOPLIST_KEY_UIApplicationSceneManifest_Generation[sdk=iphonesimulator*]" = YES;
				"INFOPLIST_KEY_UIApplicationSupportsIndirectInputEvents[sdk=iphoneos*]" = YES;
				"INFOPLIST_KEY_UIApplicationSupportsIndirectInputEvents[sdk=iphonesimulator*]" = YES;
				"INFOPLIST_KEY_UILaunchScreen_Generation[sdk=iphoneos*]" = YES;
				"INFOPLIST_KEY_UILaunchScreen_Generation[sdk=iphonesimulator*]" = YES;
				"INFOPLIST_KEY_UIStatusBarStyle[sdk=iphoneos*]" = UIStatusBarStyleDefault;
				"INFOPLIST_KEY_UIStatusBarStyle[sdk=iphonesimulator*]" = UIStatusBarStyleDefault;
				INFOPLIST_KEY_UISupportedInterfaceOrientations_iPad = "UIInterfaceOrientationPortrait UIInterfaceOrientationPortraitUpsideDown UIInterfaceOrientationLandscapeLeft UIInterfaceOrientationLandscapeRight";
				INFOPLIST_KEY_UISupportedInterfaceOrientations_iPhone = "UIInterfaceOrientationPortrait UIInterfaceOrientationLandscapeLeft UIInterfaceOrientationLandscapeRight";
				IPHONEOS_DEPLOYMENT_TARGET = 15.0;
				LD_RUNPATH_SEARCH_PATHS = "@executable_path/Frameworks";
				"LD_RUNPATH_SEARCH_PATHS[sdk=macosx*]" = "@executable_path/../Frameworks";
				MACOSX_DEPLOYMENT_TARGET = 12.3;
				MARKETING_VERSION = 1.0;
				PRODUCT_BUNDLE_IDENTIFIER = "Kavindu-Randimal.NewsApp";
				PRODUCT_NAME = "$(TARGET_NAME)";
				SDKROOT = auto;
				SUPPORTED_PLATFORMS = "iphoneos iphonesimulator macosx";
				SWIFT_EMIT_LOC_STRINGS = YES;
				SWIFT_VERSION = 5.0;
				TARGETED_DEVICE_FAMILY = "1,2";
			};
			name = Release;
		};
/* End XCBuildConfiguration section */

/* Begin XCConfigurationList section */
		DF0F2B1728E3584700F69E85 /* Build configuration list for PBXProject "NewsApp" */ = {
			isa = XCConfigurationList;
			buildConfigurations = (
				DF0F2B2928E3584800F69E85 /* Debug */,
				DF0F2B2A28E3584800F69E85 /* Release */,
			);
			defaultConfigurationIsVisible = 0;
			defaultConfigurationName = Release;
		};
		DF0F2B2B28E3584800F69E85 /* Build configuration list for PBXNativeTarget "NewsApp" */ = {
			isa = XCConfigurationList;
			buildConfigurations = (
				DF0F2B2C28E3584800F69E85 /* Debug */,
				DF0F2B2D28E3584800F69E85 /* Release */,
			);
			defaultConfigurationIsVisible = 0;
			defaultConfigurationName = Release;
		};
/* End XCConfigurationList section */
	};
	rootObject = DF0F2B1428E3584700F69E85 /* Project object */;
}
